// !$*UTF8*$!
{
	archiveVersion = 1;
	classes = {
	};
	objectVersion = 46;
	objects = {

/* Begin PBXBuildFile section */
		FA043D141BA588FF00B1EE2F /* MyPopupViewController.swift in Sources */ = {isa = PBXBuildFile; fileRef = FA043D121BA588FF00B1EE2F /* MyPopupViewController.swift */; settings = {ASSET_TAGS = (); }; };
		FA043D151BA588FF00B1EE2F /* MyPopupViewController.xib in Resources */ = {isa = PBXBuildFile; fileRef = FA043D131BA588FF00B1EE2F /* MyPopupViewController.xib */; settings = {ASSET_TAGS = (); }; };
		FAE40E2F1BA587D90026FE00 /* AppDelegate.swift in Sources */ = {isa = PBXBuildFile; fileRef = FAE40E2E1BA587D90026FE00 /* AppDelegate.swift */; };
		FAE40E311BA587D90026FE00 /* ViewController.swift in Sources */ = {isa = PBXBuildFile; fileRef = FAE40E301BA587D90026FE00 /* ViewController.swift */; };
		FAE40E341BA587D90026FE00 /* Main.storyboard in Resources */ = {isa = PBXBuildFile; fileRef = FAE40E321BA587D90026FE00 /* Main.storyboard */; };
		FAE40E361BA587D90026FE00 /* Assets.xcassets in Resources */ = {isa = PBXBuildFile; fileRef = FAE40E351BA587D90026FE00 /* Assets.xcassets */; };
		FAE40E391BA587D90026FE00 /* LaunchScreen.storyboard in Resources */ = {isa = PBXBuildFile; fileRef = FAE40E371BA587D90026FE00 /* LaunchScreen.storyboard */; };
		FAE40E441BA587D90026FE00 /* SLPopupViewControllerDemoTests.swift in Sources */ = {isa = PBXBuildFile; fileRef = FAE40E431BA587D90026FE00 /* SLPopupViewControllerDemoTests.swift */; };
		FAE40E4F1BA587D90026FE00 /* SLPopupViewControllerDemoUITests.swift in Sources */ = {isa = PBXBuildFile; fileRef = FAE40E4E1BA587D90026FE00 /* SLPopupViewControllerDemoUITests.swift */; };
		FAE40E5E1BA588100026FE00 /* UIVViewController-SLPopup.swift in Sources */ = {isa = PBXBuildFile; fileRef = FAE40E5D1BA588100026FE00 /* UIVViewController-SLPopup.swift */; settings = {ASSET_TAGS = (); }; };
/* End PBXBuildFile section */

/* Begin PBXContainerItemProxy section */
		FAE40E401BA587D90026FE00 /* PBXContainerItemProxy */ = {
			isa = PBXContainerItemProxy;
			containerPortal = FAE40E231BA587D90026FE00 /* Project object */;
			proxyType = 1;
			remoteGlobalIDString = FAE40E2A1BA587D90026FE00;
			remoteInfo = SLPopupViewControllerDemo;
		};
		FAE40E4B1BA587D90026FE00 /* PBXContainerItemProxy */ = {
			isa = PBXContainerItemProxy;
			containerPortal = FAE40E231BA587D90026FE00 /* Project object */;
			proxyType = 1;
			remoteGlobalIDString = FAE40E2A1BA587D90026FE00;
			remoteInfo = SLPopupViewControllerDemo;
		};
/* End PBXContainerItemProxy section */

/* Begin PBXFileReference section */
		FA043D121BA588FF00B1EE2F /* MyPopupViewController.swift */ = {isa = PBXFileReference; fileEncoding = 4; lastKnownFileType = sourcecode.swift; path = MyPopupViewController.swift; sourceTree = "<group>"; };
		FA043D131BA588FF00B1EE2F /* MyPopupViewController.xib */ = {isa = PBXFileReference; fileEncoding = 4; lastKnownFileType = file.xib; path = MyPopupViewController.xib; sourceTree = "<group>"; };
		FAE40E2B1BA587D90026FE00 /* SLPopupViewControllerDemo.app */ = {isa = PBXFileReference; explicitFileType = wrapper.application; includeInIndex = 0; path = SLPopupViewControllerDemo.app; sourceTree = BUILT_PRODUCTS_DIR; };
		FAE40E2E1BA587D90026FE00 /* AppDelegate.swift */ = {isa = PBXFileReference; lastKnownFileType = sourcecode.swift; path = AppDelegate.swift; sourceTree = "<group>"; };
		FAE40E301BA587D90026FE00 /* ViewController.swift */ = {isa = PBXFileReference; lastKnownFileType = sourcecode.swift; path = ViewController.swift; sourceTree = "<group>"; };
		FAE40E331BA587D90026FE00 /* Base */ = {isa = PBXFileReference; lastKnownFileType = file.storyboard; name = Base; path = Base.lproj/Main.storyboard; sourceTree = "<group>"; };
		FAE40E351BA587D90026FE00 /* Assets.xcassets */ = {isa = PBXFileReference; lastKnownFileType = folder.assetcatalog; path = Assets.xcassets; sourceTree = "<group>"; };
		FAE40E381BA587D90026FE00 /* Base */ = {isa = PBXFileReference; lastKnownFileType = file.storyboard; name = Base; path = Base.lproj/LaunchScreen.storyboard; sourceTree = "<group>"; };
		FAE40E3A1BA587D90026FE00 /* Info.plist */ = {isa = PBXFileReference; lastKnownFileType = text.plist.xml; path = Info.plist; sourceTree = "<group>"; };
		FAE40E3F1BA587D90026FE00 /* SLPopupViewControllerDemoTests.xctest */ = {isa = PBXFileReference; explicitFileType = wrapper.cfbundle; includeInIndex = 0; path = SLPopupViewControllerDemoTests.xctest; sourceTree = BUILT_PRODUCTS_DIR; };
		FAE40E431BA587D90026FE00 /* SLPopupViewControllerDemoTests.swift */ = {isa = PBXFileReference; lastKnownFileType = sourcecode.swift; path = SLPopupViewControllerDemoTests.swift; sourceTree = "<group>"; };
		FAE40E451BA587D90026FE00 /* Info.plist */ = {isa = PBXFileReference; lastKnownFileType = text.plist.xml; path = Info.plist; sourceTree = "<group>"; };
		FAE40E4A1BA587D90026FE00 /* SLPopupViewControllerDemoUITests.xctest */ = {isa = PBXFileReference; explicitFileType = wrapper.cfbundle; includeInIndex = 0; path = SLPopupViewControllerDemoUITests.xctest; sourceTree = BUILT_PRODUCTS_DIR; };
		FAE40E4E1BA587D90026FE00 /* SLPopupViewControllerDemoUITests.swift */ = {isa = PBXFileReference; lastKnownFileType = sourcecode.swift; path = SLPopupViewControllerDemoUITests.swift; sourceTree = "<group>"; };
		FAE40E501BA587D90026FE00 /* Info.plist */ = {isa = PBXFileReference; lastKnownFileType = text.plist.xml; path = Info.plist; sourceTree = "<group>"; };
		FAE40E5D1BA588100026FE00 /* UIVViewController-SLPopup.swift */ = {isa = PBXFileReference; fileEncoding = 4; lastKnownFileType = sourcecode.swift; path = "UIVViewController-SLPopup.swift"; sourceTree = "<group>"; };
/* End PBXFileReference section */

/* Begin PBXFrameworksBuildPhase section */
		FAE40E281BA587D90026FE00 /* Frameworks */ = {
			isa = PBXFrameworksBuildPhase;
			buildActionMask = 2147483647;
			files = (
			);
			runOnlyForDeploymentPostprocessing = 0;
		};
		FAE40E3C1BA587D90026FE00 /* Frameworks */ = {
			isa = PBXFrameworksBuildPhase;
			buildActionMask = 2147483647;
			files = (
			);
			runOnlyForDeploymentPostprocessing = 0;
		};
		FAE40E471BA587D90026FE00 /* Frameworks */ = {
			isa = PBXFrameworksBuildPhase;
			buildActionMask = 2147483647;
			files = (
			);
			runOnlyForDeploymentPostprocessing = 0;
		};
/* End PBXFrameworksBuildPhase section */

/* Begin PBXGroup section */
		FA043D111BA588D700B1EE2F /* MyPopupViewController */ = {
			isa = PBXGroup;
			children = (
				FA043D121BA588FF00B1EE2F /* MyPopupViewController.swift */,
				FA043D131BA588FF00B1EE2F /* MyPopupViewController.xib */,
			);
			path = MyPopupViewController;
			sourceTree = "<group>";
		};
		FAE40E221BA587D90026FE00 = {
			isa = PBXGroup;
			children = (
				FAE40E2D1BA587D90026FE00 /* SLPopupViewControllerDemo */,
				FAE40E421BA587D90026FE00 /* SLPopupViewControllerDemoTests */,
				FAE40E4D1BA587D90026FE00 /* SLPopupViewControllerDemoUITests */,
				FAE40E2C1BA587D90026FE00 /* Products */,
			);
			sourceTree = "<group>";
		};
		FAE40E2C1BA587D90026FE00 /* Products */ = {
			isa = PBXGroup;
			children = (
				FAE40E2B1BA587D90026FE00 /* SLPopupViewControllerDemo.app */,
				FAE40E3F1BA587D90026FE00 /* SLPopupViewControllerDemoTests.xctest */,
				FAE40E4A1BA587D90026FE00 /* SLPopupViewControllerDemoUITests.xctest */,
			);
			name = Products;
			sourceTree = "<group>";
		};
		FAE40E2D1BA587D90026FE00 /* SLPopupViewControllerDemo */ = {
			isa = PBXGroup;
			children = (
				FAE40E5C1BA588100026FE00 /* SLPopupViewController */,
				FA043D111BA588D700B1EE2F /* MyPopupViewController */,
				FAE40E2E1BA587D90026FE00 /* AppDelegate.swift */,
				FAE40E301BA587D90026FE00 /* ViewController.swift */,
				FAE40E321BA587D90026FE00 /* Main.storyboard */,
				FAE40E351BA587D90026FE00 /* Assets.xcassets */,
				FAE40E371BA587D90026FE00 /* LaunchScreen.storyboard */,
				FAE40E3A1BA587D90026FE00 /* Info.plist */,
			);
			path = SLPopupViewControllerDemo;
			sourceTree = "<group>";
		};
		FAE40E421BA587D90026FE00 /* SLPopupViewControllerDemoTests */ = {
			isa = PBXGroup;
			children = (
				FAE40E431BA587D90026FE00 /* SLPopupViewControllerDemoTests.swift */,
				FAE40E451BA587D90026FE00 /* Info.plist */,
			);
			path = SLPopupViewControllerDemoTests;
			sourceTree = "<group>";
		};
		FAE40E4D1BA587D90026FE00 /* SLPopupViewControllerDemoUITests */ = {
			isa = PBXGroup;
			children = (
				FAE40E4E1BA587D90026FE00 /* SLPopupViewControllerDemoUITests.swift */,
				FAE40E501BA587D90026FE00 /* Info.plist */,
			);
			path = SLPopupViewControllerDemoUITests;
			sourceTree = "<group>";
		};
		FAE40E5C1BA588100026FE00 /* SLPopupViewController */ = {
			isa = PBXGroup;
			children = (
				FAE40E5F1BA588400026FE00 /* MyPopupViewController */,
				FAE40E5D1BA588100026FE00 /* UIVViewController-SLPopup.swift */,
			);
			path = SLPopupViewController;
			sourceTree = SOURCE_ROOT;
		};
		FAE40E5F1BA588400026FE00 /* MyPopupViewController */ = {
			isa = PBXGroup;
			children = (
			);
			name = MyPopupViewController;
			path = SLPopupViewControllerDemo/MyPopupViewController;
			sourceTree = SOURCE_ROOT;
		};
/* End PBXGroup section */

/* Begin PBXNativeTarget section */
		FAE40E2A1BA587D90026FE00 /* SLPopupViewControllerDemo */ = {
			isa = PBXNativeTarget;
			buildConfigurationList = FAE40E531BA587D90026FE00 /* Build configuration list for PBXNativeTarget "SLPopupViewControllerDemo" */;
			buildPhases = (
				FAE40E271BA587D90026FE00 /* Sources */,
				FAE40E281BA587D90026FE00 /* Frameworks */,
				FAE40E291BA587D90026FE00 /* Resources */,
			);
			buildRules = (
			);
			dependencies = (
			);
			name = SLPopupViewControllerDemo;
			productName = SLPopupViewControllerDemo;
			productReference = FAE40E2B1BA587D90026FE00 /* SLPopupViewControllerDemo.app */;
			productType = "com.apple.product-type.application";
		};
		FAE40E3E1BA587D90026FE00 /* SLPopupViewControllerDemoTests */ = {
			isa = PBXNativeTarget;
			buildConfigurationList = FAE40E561BA587D90026FE00 /* Build configuration list for PBXNativeTarget "SLPopupViewControllerDemoTests" */;
			buildPhases = (
				FAE40E3B1BA587D90026FE00 /* Sources */,
				FAE40E3C1BA587D90026FE00 /* Frameworks */,
				FAE40E3D1BA587D90026FE00 /* Resources */,
			);
			buildRules = (
			);
			dependencies = (
				FAE40E411BA587D90026FE00 /* PBXTargetDependency */,
			);
			name = SLPopupViewControllerDemoTests;
			productName = SLPopupViewControllerDemoTests;
			productReference = FAE40E3F1BA587D90026FE00 /* SLPopupViewControllerDemoTests.xctest */;
			productType = "com.apple.product-type.bundle.unit-test";
		};
		FAE40E491BA587D90026FE00 /* SLPopupViewControllerDemoUITests */ = {
			isa = PBXNativeTarget;
			buildConfigurationList = FAE40E591BA587D90026FE00 /* Build configuration list for PBXNativeTarget "SLPopupViewControllerDemoUITests" */;
			buildPhases = (
				FAE40E461BA587D90026FE00 /* Sources */,
				FAE40E471BA587D90026FE00 /* Frameworks */,
				FAE40E481BA587D90026FE00 /* Resources */,
			);
			buildRules = (
			);
			dependencies = (
				FAE40E4C1BA587D90026FE00 /* PBXTargetDependency */,
			);
			name = SLPopupViewControllerDemoUITests;
			productName = SLPopupViewControllerDemoUITests;
			productReference = FAE40E4A1BA587D90026FE00 /* SLPopupViewControllerDemoUITests.xctest */;
			productType = "com.apple.product-type.bundle.ui-testing";
		};
/* End PBXNativeTarget section */

/* Begin PBXProject section */
		FAE40E231BA587D90026FE00 /* Project object */ = {
			isa = PBXProject;
			attributes = {
				LastUpgradeCheck = 0700;
				ORGANIZATIONNAME = "Nguyen Duc Hoang";
				TargetAttributes = {
					FAE40E2A1BA587D90026FE00 = {
						CreatedOnToolsVersion = 7.0;
					};
					FAE40E3E1BA587D90026FE00 = {
						CreatedOnToolsVersion = 7.0;
						TestTargetID = FAE40E2A1BA587D90026FE00;
					};
					FAE40E491BA587D90026FE00 = {
						CreatedOnToolsVersion = 7.0;
						TestTargetID = FAE40E2A1BA587D90026FE00;
					};
				};
			};
			buildConfigurationList = FAE40E261BA587D90026FE00 /* Build configuration list for PBXProject "SLPopupViewControllerDemo" */;
			compatibilityVersion = "Xcode 3.2";
			developmentRegion = English;
			hasScannedForEncodings = 0;
			knownRegions = (
				en,
				Base,
			);
			mainGroup = FAE40E221BA587D90026FE00;
			productRefGroup = FAE40E2C1BA587D90026FE00 /* Products */;
			projectDirPath = "";
			projectRoot = "";
			targets = (
				FAE40E2A1BA587D90026FE00 /* SLPopupViewControllerDemo */,
				FAE40E3E1BA587D90026FE00 /* SLPopupViewControllerDemoTests */,
				FAE40E491BA587D90026FE00 /* SLPopupViewControllerDemoUITests */,
			);
		};
/* End PBXProject section */

/* Begin PBXResourcesBuildPhase section */
		FAE40E291BA587D90026FE00 /* Resources */ = {
			isa = PBXResourcesBuildPhase;
			buildActionMask = 2147483647;
			files = (
				FAE40E391BA587D90026FE00 /* LaunchScreen.storyboard in Resources */,
				FAE40E361BA587D90026FE00 /* Assets.xcassets in Resources */,
				FAE40E341BA587D90026FE00 /* Main.storyboard in Resources */,
				FA043D151BA588FF00B1EE2F /* MyPopupViewController.xib in Resources */,
			);
			runOnlyForDeploymentPostprocessing = 0;
		};
		FAE40E3D1BA587D90026FE00 /* Resources */ = {
			isa = PBXResourcesBuildPhase;
			buildActionMask = 2147483647;
			files = (
			);
			runOnlyForDeploymentPostprocessing = 0;
		};
		FAE40E481BA587D90026FE00 /* Resources */ = {
			isa = PBXResourcesBuildPhase;
			buildActionMask = 2147483647;
			files = (
			);
			runOnlyForDeploymentPostprocessing = 0;
		};
/* End PBXResourcesBuildPhase section */

/* Begin PBXSourcesBuildPhase section */
		FAE40E271BA587D90026FE00 /* Sources */ = {
			isa = PBXSourcesBuildPhase;
			buildActionMask = 2147483647;
			files = (
				FAE40E5E1BA588100026FE00 /* UIVViewController-SLPopup.swift in Sources */,
				FAE40E311BA587D90026FE00 /* ViewController.swift in Sources */,
				FAE40E2F1BA587D90026FE00 /* AppDelegate.swift in Sources */,
				FA043D141BA588FF00B1EE2F /* MyPopupViewController.swift in Sources */,
			);
			runOnlyForDeploymentPostprocessing = 0;
		};
		FAE40E3B1BA587D90026FE00 /* Sources */ = {
			isa = PBXSourcesBuildPhase;
			buildActionMask = 2147483647;
			files = (
				FAE40E441BA587D90026FE00 /* SLPopupViewControllerDemoTests.swift in Sources */,
			);
			runOnlyForDeploymentPostprocessing = 0;
		};
		FAE40E461BA587D90026FE00 /* Sources */ = {
			isa = PBXSourcesBuildPhase;
			buildActionMask = 2147483647;
			files = (
				FAE40E4F1BA587D90026FE00 /* SLPopupViewControllerDemoUITests.swift in Sources */,
			);
			runOnlyForDeploymentPostprocessing = 0;
		};
/* End PBXSourcesBuildPhase section */

/* Begin PBXTargetDependency section */
		FAE40E411BA587D90026FE00 /* PBXTargetDependency */ = {
			isa = PBXTargetDependency;
			target = FAE40E2A1BA587D90026FE00 /* SLPopupViewControllerDemo */;
			targetProxy = FAE40E401BA587D90026FE00 /* PBXContainerItemProxy */;
		};
		FAE40E4C1BA587D90026FE00 /* PBXTargetDependency */ = {
			isa = PBXTargetDependency;
			target = FAE40E2A1BA587D90026FE00 /* SLPopupViewControllerDemo */;
			targetProxy = FAE40E4B1BA587D90026FE00 /* PBXContainerItemProxy */;
		};
/* End PBXTargetDependency section */

/* Begin PBXVariantGroup section */
		FAE40E321BA587D90026FE00 /* Main.storyboard */ = {
			isa = PBXVariantGroup;
			children = (
				FAE40E331BA587D90026FE00 /* Base */,
			);
			name = Main.storyboard;
			sourceTree = "<group>";
		};
		FAE40E371BA587D90026FE00 /* LaunchScreen.storyboard */ = {
			isa = PBXVariantGroup;
			children = (
				FAE40E381BA587D90026FE00 /* Base */,
			);
			name = LaunchScreen.storyboard;
			sourceTree = "<group>";
		};
/* End PBXVariantGroup section */

/* Begin XCBuildConfiguration section */
		FAE40E511BA587D90026FE00 /* Debug */ = {
			isa = XCBuildConfiguration;
			buildSettings = {
				ALWAYS_SEARCH_USER_PATHS = NO;
				CLANG_CXX_LANGUAGE_STANDARD = "gnu++0x";
				CLANG_CXX_LIBRARY = "libc++";
				CLANG_ENABLE_MODULES = YES;
				CLANG_ENABLE_OBJC_ARC = YES;
				CLANG_WARN_BOOL_CONVERSION = YES;
				CLANG_WARN_CONSTANT_CONVERSION = YES;
				CLANG_WARN_DIRECT_OBJC_ISA_USAGE = YES_ERROR;
				CLANG_WARN_EMPTY_BODY = YES;
				CLANG_WARN_ENUM_CONVERSION = YES;
				CLANG_WARN_INT_CONVERSION = YES;
				CLANG_WARN_OBJC_ROOT_CLASS = YES_ERROR;
				CLANG_WARN_UNREACHABLE_CODE = YES;
				CLANG_WARN__DUPLICATE_METHOD_MATCH = YES;
				"CODE_SIGN_IDENTITY[sdk=iphoneos*]" = "iPhone Developer";
				COPY_PHASE_STRIP = NO;
				DEBUG_INFORMATION_FORMAT = dwarf;
				ENABLE_STRICT_OBJC_MSGSEND = YES;
				ENABLE_TESTABILITY = YES;
				GCC_C_LANGUAGE_STANDARD = gnu99;
				GCC_DYNAMIC_NO_PIC = NO;
				GCC_NO_COMMON_BLOCKS = YES;
				GCC_OPTIMIZATION_LEVEL = 0;
				GCC_PREPROCESSOR_DEFINITIONS = (
					"DEBUG=1",
					"$(inherited)",
				);
				GCC_WARN_64_TO_32_BIT_CONVERSION = YES;
				GCC_WARN_ABOUT_RETURN_TYPE = YES_ERROR;
				GCC_WARN_UNDECLARED_SELECTOR = YES;
				GCC_WARN_UNINITIALIZED_AUTOS = YES_AGGRESSIVE;
				GCC_WARN_UNUSED_FUNCTION = YES;
				GCC_WARN_UNUSED_VARIABLE = YES;
				IPHONEOS_DEPLOYMENT_TARGET = 9.0;
				MTL_ENABLE_DEBUG_INFO = YES;
				ONLY_ACTIVE_ARCH = YES;
				SDKROOT = iphoneos;
				SWIFT_OPTIMIZATION_LEVEL = "-Onone";
				TARGETED_DEVICE_FAMILY = "1,2";
			};
			name = Debug;
		};
		FAE40E521BA587D90026FE00 /* Release */ = {
			isa = XCBuildConfiguration;
			buildSettings = {
				ALWAYS_SEARCH_USER_PATHS = NO;
				CLANG_CXX_LANGUAGE_STANDARD = "gnu++0x";
				CLANG_CXX_LIBRARY = "libc++";
				CLANG_ENABLE_MODULES = YES;
				CLANG_ENABLE_OBJC_ARC = YES;
				CLANG_WARN_BOOL_CONVERSION = YES;
				CLANG_WARN_CONSTANT_CONVERSION = YES;
				CLANG_WARN_DIRECT_OBJC_ISA_USAGE = YES_ERROR;
				CLANG_WARN_EMPTY_BODY = YES;
				CLANG_WARN_ENUM_CONVERSION = YES;
				CLANG_WARN_INT_CONVERSION = YES;
				CLANG_WARN_OBJC_ROOT_CLASS = YES_ERROR;
				CLANG_WARN_UNREACHABLE_CODE = YES;
				CLANG_WARN__DUPLICATE_METHOD_MATCH = YES;
				"CODE_SIGN_IDENTITY[sdk=iphoneos*]" = "iPhone Developer";
				COPY_PHASE_STRIP = NO;
				DEBUG_INFORMATION_FORMAT = "dwarf-with-dsym";
				ENABLE_NS_ASSERTIONS = NO;
				ENABLE_STRICT_OBJC_MSGSEND = YES;
				GCC_C_LANGUAGE_STANDARD = gnu99;
				GCC_NO_COMMON_BLOCKS = YES;
				GCC_WARN_64_TO_32_BIT_CONVERSION = YES;
				GCC_WARN_ABOUT_RETURN_TYPE = YES_ERROR;
				GCC_WARN_UNDECLARED_SELECTOR = YES;
				GCC_WARN_UNINITIALIZED_AUTOS = YES_AGGRESSIVE;
				GCC_WARN_UNUSED_FUNCTION = YES;
				GCC_WARN_UNUSED_VARIABLE = YES;
				IPHONEOS_DEPLOYMENT_TARGET = 9.0;
				MTL_ENABLE_DEBUG_INFO = NO;
				SDKROOT = iphoneos;
				TARGETED_DEVICE_FAMILY = "1,2";
				VALIDATE_PRODUCT = YES;
			};
			name = Release;
		};
		FAE40E541BA587D90026FE00 /* Debug */ = {
			isa = XCBuildConfiguration;
			buildSettings = {
				ASSETCATALOG_COMPILER_APPICON_NAME = AppIcon;
				INFOPLIST_FILE = SLPopupViewControllerDemo/Info.plist;
				LD_RUNPATH_SEARCH_PATHS = "$(inherited) @executable_path/Frameworks";
				PRODUCT_BUNDLE_IDENTIFIER = demoApp.allUsers.SLPopupViewControllerDemo;
				PRODUCT_NAME = "$(TARGET_NAME)";
			};
			name = Debug;
		};
		FAE40E551BA587D90026FE00 /* Release */ = {
			isa = XCBuildConfiguration;
			buildSettings = {
				ASSETCATALOG_COMPILER_APPICON_NAME = AppIcon;
				INFOPLIST_FILE = SLPopupViewControllerDemo/Info.plist;
				LD_RUNPATH_SEARCH_PATHS = "$(inherited) @executable_path/Frameworks";
				PRODUCT_BUNDLE_IDENTIFIER = demoApp.allUsers.SLPopupViewControllerDemo;
				PRODUCT_NAME = "$(TARGET_NAME)";
			};
			name = Release;
		};
		FAE40E571BA587D90026FE00 /* Debug */ = {
			isa = XCBuildConfiguration;
			buildSettings = {
				BUNDLE_LOADER = "$(TEST_HOST)";
				INFOPLIST_FILE = SLPopupViewControllerDemoTests/Info.plist;
				LD_RUNPATH_SEARCH_PATHS = "$(inherited) @executable_path/Frameworks @loader_path/Frameworks";
				PRODUCT_BUNDLE_IDENTIFIER = demoApp.allUsers.SLPopupViewControllerDemoTests;
				PRODUCT_NAME = "$(TARGET_NAME)";
				TEST_HOST = "$(BUILT_PRODUCTS_DIR)/SLPopupViewControllerDemo.app/SLPopupViewControllerDemo";
			};
			name = Debug;
		};
		FAE40E581BA587D90026FE00 /* Release */ = {
			isa = XCBuildConfiguration;
			buildSettings = {
				BUNDLE_LOADER = "$(TEST_HOST)";
				INFOPLIST_FILE = SLPopupViewControllerDemoTests/Info.plist;
				LD_RUNPATH_SEARCH_PATHS = "$(inherited) @executable_path/Frameworks @loader_path/Frameworks";
				PRODUCT_BUNDLE_IDENTIFIER = demoApp.allUsers.SLPopupViewControllerDemoTests;
				PRODUCT_NAME = "$(TARGET_NAME)";
				TEST_HOST = "$(BUILT_PRODUCTS_DIR)/SLPopupViewControllerDemo.app/SLPopupViewControllerDemo";
			};
			name = Release;
		};
		FAE40E5A1BA587D90026FE00 /* Debug */ = {
			isa = XCBuildConfiguration;
			buildSettings = {
				INFOPLIST_FILE = SLPopupViewControllerDemoUITests/Info.plist;
				LD_RUNPATH_SEARCH_PATHS = "$(inherited) @executable_path/Frameworks @loader_path/Frameworks";
				PRODUCT_BUNDLE_IDENTIFIER = demoApp.allUsers.SLPopupViewControllerDemoUITests;
				PRODUCT_NAME = "$(TARGET_NAME)";
				TEST_TARGET_NAME = SLPopupViewControllerDemo;
				USES_XCTRUNNER = YES;
			};
			name = Debug;
		};
		FAE40E5B1BA587D90026FE00 /* Release */ = {
			isa = XCBuildConfiguration;
			buildSettings = {
				INFOPLIST_FILE = SLPopupViewControllerDemoUITests/Info.plist;
				LD_RUNPATH_SEARCH_PATHS = "$(inherited) @executable_path/Frameworks @loader_path/Frameworks";
				PRODUCT_BUNDLE_IDENTIFIER = demoApp.allUsers.SLPopupViewControllerDemoUITests;
				PRODUCT_NAME = "$(TARGET_NAME)";
				TEST_TARGET_NAME = SLPopupViewControllerDemo;
				USES_XCTRUNNER = YES;
			};
			name = Release;
		};
/* End XCBuildConfiguration section */

/* Begin XCConfigurationList section */
		FAE40E261BA587D90026FE00 /* Build configuration list for PBXProject "SLPopupViewControllerDemo" */ = {
			isa = XCConfigurationList;
			buildConfigurations = (
				FAE40E511BA587D90026FE00 /* Debug */,
				FAE40E521BA587D90026FE00 /* Release */,
			);
			defaultConfigurationIsVisible = 0;
			defaultConfigurationName = Release;
		};
		FAE40E531BA587D90026FE00 /* Build configuration list for PBXNativeTarget "SLPopupViewControllerDemo" */ = {
			isa = XCConfigurationList;
			buildConfigurations = (
				FAE40E541BA587D90026FE00 /* Debug */,
				FAE40E551BA587D90026FE00 /* Release */,
			);
			defaultConfigurationIsVisible = 0;
			defaultConfigurationName = Release;
		};
		FAE40E561BA587D90026FE00 /* Build configuration list for PBXNativeTarget "SLPopupViewControllerDemoTests" */ = {
			isa = XCConfigurationList;
			buildConfigurations = (
				FAE40E571BA587D90026FE00 /* Debug */,
				FAE40E581BA587D90026FE00 /* Release */,
			);
			defaultConfigurationIsVisible = 0;
			defaultConfigurationName = Release;
		};
		FAE40E591BA587D90026FE00 /* Build configuration list for PBXNativeTarget "SLPopupViewControllerDemoUITests" */ = {
			isa = XCConfigurationList;
			buildConfigurations = (
				FAE40E5A1BA587D90026FE00 /* Debug */,
				FAE40E5B1BA587D90026FE00 /* Release */,
			);
			defaultConfigurationIsVisible = 0;
			defaultConfigurationName = Release;
		};
/* End XCConfigurationList section */
	};
	rootObject = FAE40E231BA587D90026FE00 /* Project object */;
}
